upstream_repository=https://github.com/trmdy/zeta-simple-zeros-673137
upstream_commit=1610b97b7895ff34982260f8dcaf04a0f7b82cf7
upstream_license=MIT
window_baseline=3362285207/5000000000
seven_point_pressure=1/2736
seven_point_target=891/200000
seven_point_certificate=certificates/retuned-p2736-grid4000.txt
seven_point_candidate_blob=a36fa0b2aa17a797456f118bd5d444120646c5aa
seven_point_certificate_blob=2a2e1172b36ab6bad540d5e65e300fae7bd983fa
seven_point_nodes=2168370
nine_point_pressure=1/2500
nine_point_target=15211/2500000
nine_point_certificate=certificates/nine-point-final-grid4000.txt
nine_point_candidate_blob=ffbb37ae8f9fc3f8fc8948615e233c95f3e75904
nine_point_module_blob=e694c97bfe8ae5a4c167af23be77033f3fe4259c
nine_point_certificate_blob=9916e9dae310664ef4252bf07d7a5a37a517277c
nine_point_nodes=116272426
upstream_proof_blob=71355b43b37c32e0e1ae7a8997f4fdac36fd6a7a
upstream_verifier_docs_blob=226a69c7725f9f13d938339248c9339787e8cc64
quarantined_fallback_certificate_blob=d06662d3ed8997ea9eb601252c53486da40d6a5e
